// !$*UTF8*$!
{
	archiveVersion = 1;
	classes = {
	};
	objectVersion = 46;
	objects = {

/* Begin PBXBuildFile section */
		8F61D5B41ACA8E750031BA87 /* Twitter.framework in Frameworks */ = {isa = PBXBuildFile; fileRef = 8F61D5B31ACA8E750031BA87 /* Twitter.framework */; };
		8F61D5BA1ACEA9180031BA87 /* UIColor+Extentions.m in Sources */ = {isa = PBXBuildFile; fileRef = 8F61D5B91ACEA9180031BA87 /* UIColor+Extentions.m */; };
		8F61D5BD1AD510360031BA87 /* GroupHeaderCell.m in Sources */ = {isa = PBXBuildFile; fileRef = 8F61D5BC1AD510360031BA87 /* GroupHeaderCell.m */; };
		8F61D5C01AD510470031BA87 /* TweetCell.m in Sources */ = {isa = PBXBuildFile; fileRef = 8F61D5BF1AD510470031BA87 /* TweetCell.m */; };
		8F61D6071AD7F5820031BA87 /* JLIHelperMethods.m in Sources */ = {isa = PBXBuildFile; fileRef = 8F61D6061AD7F5820031BA87 /* JLIHelperMethods.m */; };
		8F61D6121AD815E80031BA87 /* JLITweetAuthor+Methods.m in Sources */ = {isa = PBXBuildFile; fileRef = 8F61D6111AD815E80031BA87 /* JLITweetAuthor+Methods.m */; };
		8F61D6181AD81FB00031BA87 /* JLITweet.m in Sources */ = {isa = PBXBuildFile; fileRef = 8F61D6171AD81FB00031BA87 /* JLITweet.m */; };
		8F9F7D8B1ADE690A008C66E9 /* JLITweetAuthor.m in Sources */ = {isa = PBXBuildFile; fileRef = 8F9F7D8A1ADE690A008C66E9 /* JLITweetAuthor.m */; };
		8FF8C6521AC6DF9A00E68EE9 /* main.m in Sources */ = {isa = PBXBuildFile; fileRef = 8FF8C6511AC6DF9A00E68EE9 /* main.m */; };
		8FF8C6551AC6DF9A00E68EE9 /* AppDelegate.m in Sources */ = {isa = PBXBuildFile; fileRef = 8FF8C6541AC6DF9A00E68EE9 /* AppDelegate.m */; };
		8FF8C6581AC6DF9A00E68EE9 /* JLGroupedtweets.xcdatamodeld in Sources */ = {isa = PBXBuildFile; fileRef = 8FF8C6561AC6DF9A00E68EE9 /* JLGroupedtweets.xcdatamodeld */; };
		8FF8C65E1AC6DF9A00E68EE9 /* Main.storyboard in Resources */ = {isa = PBXBuildFile; fileRef = 8FF8C65C1AC6DF9A00E68EE9 /* Main.storyboard */; };
		8FF8C6601AC6DF9A00E68EE9 /* Images.xcassets in Resources */ = {isa = PBXBuildFile; fileRef = 8FF8C65F1AC6DF9A00E68EE9 /* Images.xcassets */; };
		8FF8C6631AC6DF9A00E68EE9 /* LaunchScreen.xib in Resources */ = {isa = PBXBuildFile; fileRef = 8FF8C6611AC6DF9A00E68EE9 /* LaunchScreen.xib */; };
		8FF8C66F1AC6DF9A00E68EE9 /* JLGroupedtweetsTests.m in Sources */ = {isa = PBXBuildFile; fileRef = 8FF8C66E1AC6DF9A00E68EE9 /* JLGroupedtweetsTests.m */; };
		8FF8C6791ACA7FE000E68EE9 /* Accounts.framework in Frameworks */ = {isa = PBXBuildFile; fileRef = 8FF8C6781ACA7FE000E68EE9 /* Accounts.framework */; };
		8FF8C67B1ACA7FE900E68EE9 /* Social.framework in Frameworks */ = {isa = PBXBuildFile; fileRef = 8FF8C67A1ACA7FE900E68EE9 /* Social.framework */; };
		8FF8C67E1ACA809700E68EE9 /* TweetsTableViewController.m in Sources */ = {isa = PBXBuildFile; fileRef = 8FF8C67D1ACA809700E68EE9 /* TweetsTableViewController.m */; };
		8FF8C6821ACA84E600E68EE9 /* JLITweetManager.m in Sources */ = {isa = PBXBuildFile; fileRef = 8FF8C6811ACA84E600E68EE9 /* JLITweetManager.m */; };
/* End PBXBuildFile section */

/* Begin PBXContainerItemProxy section */
		8FF8C6691AC6DF9A00E68EE9 /* PBXContainerItemProxy */ = {
			isa = PBXContainerItemProxy;
			containerPortal = 8FF8C6441AC6DF9900E68EE9 /* Project object */;
			proxyType = 1;
			remoteGlobalIDString = 8FF8C64B1AC6DF9900E68EE9;
			remoteInfo = JLGroupedtweets;
		};
/* End PBXContainerItemProxy section */

/* Begin PBXFileReference section */
		8F61D5B31ACA8E750031BA87 /* Twitter.framework */ = {isa = PBXFileReference; lastKnownFileType = wrapper.framework; name = Twitter.framework; path = System/Library/Frameworks/Twitter.framework; sourceTree = SDKROOT; };
		8F61D5B81ACEA9180031BA87 /* UIColor+Extentions.h */ = {isa = PBXFileReference; fileEncoding = 4; lastKnownFileType = sourcecode.c.h; path = "UIColor+Extentions.h"; sourceTree = "<group>"; };
		8F61D5B91ACEA9180031BA87 /* UIColor+Extentions.m */ = {isa = PBXFileReference; fileEncoding = 4; lastKnownFileType = sourcecode.c.objc; path = "UIColor+Extentions.m"; sourceTree = "<group>"; };
		8F61D5BB1AD510360031BA87 /* GroupHeaderCell.h */ = {isa = PBXFileReference; fileEncoding = 4; lastKnownFileType = sourcecode.c.h; path = GroupHeaderCell.h; sourceTree = "<group>"; };
		8F61D5BC1AD510360031BA87 /* GroupHeaderCell.m */ = {isa = PBXFileReference; fileEncoding = 4; lastKnownFileType = sourcecode.c.objc; path = GroupHeaderCell.m; sourceTree = "<group>"; };
		8F61D5BE1AD510470031BA87 /* TweetCell.h */ = {isa = PBXFileReference; fileEncoding = 4; lastKnownFileType = sourcecode.c.h; path = TweetCell.h; sourceTree = "<group>"; };
		8F61D5BF1AD510470031BA87 /* TweetCell.m */ = {isa = PBXFileReference; fileEncoding = 4; lastKnownFileType = sourcecode.c.objc; path = TweetCell.m; sourceTree = "<group>"; };
		8F61D6051AD7F5820031BA87 /* JLIHelperMethods.h */ = {isa = PBXFileReference; fileEncoding = 4; lastKnownFileType = sourcecode.c.h; path = JLIHelperMethods.h; sourceTree = "<group>"; };
		8F61D6061AD7F5820031BA87 /* JLIHelperMethods.m */ = {isa = PBXFileReference; fileEncoding = 4; lastKnownFileType = sourcecode.c.objc; path = JLIHelperMethods.m; sourceTree = "<group>"; };
		8F61D6101AD815E80031BA87 /* JLITweetAuthor+Methods.h */ = {isa = PBXFileReference; fileEncoding = 4; lastKnownFileType = sourcecode.c.h; path = "JLITweetAuthor+Methods.h"; sourceTree = "<group>"; };
		8F61D6111AD815E80031BA87 /* JLITweetAuthor+Methods.m */ = {isa = PBXFileReference; fileEncoding = 4; lastKnownFileType = sourcecode.c.objc; path = "JLITweetAuthor+Methods.m"; sourceTree = "<group>"; };
		8F61D6161AD81FB00031BA87 /* JLITweet.h */ = {isa = PBXFileReference; fileEncoding = 4; lastKnownFileType = sourcecode.c.h; path = JLITweet.h; sourceTree = "<group>"; };
		8F61D6171AD81FB00031BA87 /* JLITweet.m */ = {isa = PBXFileReference; fileEncoding = 4; lastKnownFileType = sourcecode.c.objc; path = JLITweet.m; sourceTree = "<group>"; };
		8F9F7D891ADE690A008C66E9 /* JLITweetAuthor.h */ = {isa = PBXFileReference; fileEncoding = 4; lastKnownFileType = sourcecode.c.h; path = JLITweetAuthor.h; sourceTree = "<group>"; };
		8F9F7D8A1ADE690A008C66E9 /* JLITweetAuthor.m */ = {isa = PBXFileReference; fileEncoding = 4; lastKnownFileType = sourcecode.c.objc; path = JLITweetAuthor.m; sourceTree = "<group>"; };
		8FF8C64C1AC6DF9A00E68EE9 /* JLGroupedtweets.app */ = {isa = PBXFileReference; explicitFileType = wrapper.application; includeInIndex = 0; path = JLGroupedtweets.app; sourceTree = BUILT_PRODUCTS_DIR; };
		8FF8C6501AC6DF9A00E68EE9 /* Info.plist */ = {isa = PBXFileReference; lastKnownFileType = text.plist.xml; path = Info.plist; sourceTree = "<group>"; };
		8FF8C6511AC6DF9A00E68EE9 /* main.m */ = {isa = PBXFileReference; lastKnownFileType = sourcecode.c.objc; path = main.m; sourceTree = "<group>"; };
		8FF8C6531AC6DF9A00E68EE9 /* AppDelegate.h */ = {isa = PBXFileReference; lastKnownFileType = sourcecode.c.h; path = AppDelegate.h; sourceTree = "<group>"; };
		8FF8C6541AC6DF9A00E68EE9 /* AppDelegate.m */ = {isa = PBXFileReference; lastKnownFileType = sourcecode.c.objc; path = AppDelegate.m; sourceTree = "<group>"; };
		8FF8C6571AC6DF9A00E68EE9 /* JLGroupedtweets.xcdatamodel */ = {isa = PBXFileReference; lastKnownFileType = wrapper.xcdatamodel; path = JLGroupedtweets.xcdatamodel; sourceTree = "<group>"; };
		8FF8C65D1AC6DF9A00E68EE9 /* Base */ = {isa = PBXFileReference; lastKnownFileType = file.storyboard; name = Base; path = Base.lproj/Main.storyboard; sourceTree = "<group>"; };
		8FF8C65F1AC6DF9A00E68EE9 /* Images.xcassets */ = {isa = PBXFileReference; lastKnownFileType = folder.assetcatalog; path = Images.xcassets; sourceTree = "<group>"; };
		8FF8C6621AC6DF9A00E68EE9 /* Base */ = {isa = PBXFileReference; lastKnownFileType = file.xib; name = Base; path = Base.lproj/LaunchScreen.xib; sourceTree = "<group>"; };
		8FF8C6681AC6DF9A00E68EE9 /* JLGroupedtweetsTests.xctest */ = {isa = PBXFileReference; explicitFileType = wrapper.cfbundle; includeInIndex = 0; path = JLGroupedtweetsTests.xctest; sourceTree = BUILT_PRODUCTS_DIR; };
		8FF8C66D1AC6DF9A00E68EE9 /* Info.plist */ = {isa = PBXFileReference; lastKnownFileType = text.plist.xml; path = Info.plist; sourceTree = "<group>"; };
		8FF8C66E1AC6DF9A00E68EE9 /* JLGroupedtweetsTests.m */ = {isa = PBXFileReference; lastKnownFileType = sourcecode.c.objc; path = JLGroupedtweetsTests.m; sourceTree = "<group>"; };
		8FF8C6781ACA7FE000E68EE9 /* Accounts.framework */ = {isa = PBXFileReference; lastKnownFileType = wrapper.framework; name = Accounts.framework; path = System/Library/Frameworks/Accounts.framework; sourceTree = SDKROOT; };
		8FF8C67A1ACA7FE900E68EE9 /* Social.framework */ = {isa = PBXFileReference; lastKnownFileType = wrapper.framework; name = Social.framework; path = System/Library/Frameworks/Social.framework; sourceTree = SDKROOT; };
		8FF8C67C1ACA809700E68EE9 /* TweetsTableViewController.h */ = {isa = PBXFileReference; fileEncoding = 4; lastKnownFileType = sourcecode.c.h; path = TweetsTableViewController.h; sourceTree = "<group>"; };
		8FF8C67D1ACA809700E68EE9 /* TweetsTableViewController.m */ = {isa = PBXFileReference; fileEncoding = 4; lastKnownFileType = sourcecode.c.objc; path = TweetsTableViewController.m; sourceTree = "<group>"; };
		8FF8C6801ACA84E600E68EE9 /* JLITweetManager.h */ = {isa = PBXFileReference; fileEncoding = 4; lastKnownFileType = sourcecode.c.h; path = JLITweetManager.h; sourceTree = "<group>"; };
		8FF8C6811ACA84E600E68EE9 /* JLITweetManager.m */ = {isa = PBXFileReference; fileEncoding = 4; lastKnownFileType = sourcecode.c.objc; path = JLITweetManager.m; sourceTree = "<group>"; };
/* End PBXFileReference section */

/* Begin PBXFrameworksBuildPhase section */
		8FF8C6491AC6DF9900E68EE9 /* Frameworks */ = {
			isa = PBXFrameworksBuildPhase;
			buildActionMask = 2147483647;
			files = (
				8F61D5B41ACA8E750031BA87 /* Twitter.framework in Frameworks */,
				8FF8C67B1ACA7FE900E68EE9 /* Social.framework in Frameworks */,
				8FF8C6791ACA7FE000E68EE9 /* Accounts.framework in Frameworks */,
			);
			runOnlyForDeploymentPostprocessing = 0;
		};
		8FF8C6651AC6DF9A00E68EE9 /* Frameworks */ = {
			isa = PBXFrameworksBuildPhase;
			buildActionMask = 2147483647;
			files = (
			);
			runOnlyForDeploymentPostprocessing = 0;
		};
/* End PBXFrameworksBuildPhase section */

/* Begin PBXGroup section */
		8F61D5B21ACA87AD0031BA87 /* TableView */ = {
			isa = PBXGroup;
			children = (
				8FF8C67C1ACA809700E68EE9 /* TweetsTableViewController.h */,
				8FF8C67D1ACA809700E68EE9 /* TweetsTableViewController.m */,
				8F61D5BB1AD510360031BA87 /* GroupHeaderCell.h */,
				8F61D5BC1AD510360031BA87 /* GroupHeaderCell.m */,
				8F61D5BE1AD510470031BA87 /* TweetCell.h */,
				8F61D5BF1AD510470031BA87 /* TweetCell.m */,
			);
			name = TableView;
			sourceTree = "<group>";
		};
		8F61D6091AD7F62F0031BA87 /* CoreData */ = {
			isa = PBXGroup;
			children = (
				8FF8C6561AC6DF9A00E68EE9 /* JLGroupedtweets.xcdatamodeld */,
				8F61D6161AD81FB00031BA87 /* JLITweet.h */,
				8F61D6171AD81FB00031BA87 /* JLITweet.m */,
				8F9F7D891ADE690A008C66E9 /* JLITweetAuthor.h */,
				8F9F7D8A1ADE690A008C66E9 /* JLITweetAuthor.m */,
				8F61D6101AD815E80031BA87 /* JLITweetAuthor+Methods.h */,
				8F61D6111AD815E80031BA87 /* JLITweetAuthor+Methods.m */,
			);
			name = CoreData;
			sourceTree = "<group>";
		};
		8FF8C6431AC6DF9900E68EE9 = {
			isa = PBXGroup;
			children = (
				8F61D5B31ACA8E750031BA87 /* Twitter.framework */,
				8FF8C67A1ACA7FE900E68EE9 /* Social.framework */,
				8FF8C6781ACA7FE000E68EE9 /* Accounts.framework */,
				8FF8C64E1AC6DF9A00E68EE9 /* JLGroupedtweets */,
				8FF8C66B1AC6DF9A00E68EE9 /* JLGroupedtweetsTests */,
				8FF8C64D1AC6DF9A00E68EE9 /* Products */,
			);
			sourceTree = "<group>";
		};
		8FF8C64D1AC6DF9A00E68EE9 /* Products */ = {
			isa = PBXGroup;
			children = (
				8FF8C64C1AC6DF9A00E68EE9 /* JLGroupedtweets.app */,
				8FF8C6681AC6DF9A00E68EE9 /* JLGroupedtweetsTests.xctest */,
			);
			name = Products;
			sourceTree = "<group>";
		};
		8FF8C64E1AC6DF9A00E68EE9 /* JLGroupedtweets */ = {
			isa = PBXGroup;
			children = (
				8F61D5B21ACA87AD0031BA87 /* TableView */,
				8FF8C67F1ACA843200E68EE9 /* Data */,
				8FF8C65C1AC6DF9A00E68EE9 /* Main.storyboard */,
				8FF8C65F1AC6DF9A00E68EE9 /* Images.xcassets */,
				8FF8C6611AC6DF9A00E68EE9 /* LaunchScreen.xib */,
				8FF8C64F1AC6DF9A00E68EE9 /* Supporting Files */,
			);
			path = JLGroupedtweets;
			sourceTree = "<group>";
		};
		8FF8C64F1AC6DF9A00E68EE9 /* Supporting Files */ = {
			isa = PBXGroup;
			children = (
				8FF8C6531AC6DF9A00E68EE9 /* AppDelegate.h */,
				8FF8C6541AC6DF9A00E68EE9 /* AppDelegate.m */,
				8FF8C6501AC6DF9A00E68EE9 /* Info.plist */,
				8FF8C6511AC6DF9A00E68EE9 /* main.m */,
				8F61D5B81ACEA9180031BA87 /* UIColor+Extentions.h */,
				8F61D5B91ACEA9180031BA87 /* UIColor+Extentions.m */,
				8F61D6051AD7F5820031BA87 /* JLIHelperMethods.h */,
				8F61D6061AD7F5820031BA87 /* JLIHelperMethods.m */,
			);
			name = "Supporting Files";
			sourceTree = "<group>";
		};
		8FF8C66B1AC6DF9A00E68EE9 /* JLGroupedtweetsTests */ = {
			isa = PBXGroup;
			children = (
				8FF8C66E1AC6DF9A00E68EE9 /* JLGroupedtweetsTests.m */,
				8FF8C66C1AC6DF9A00E68EE9 /* Supporting Files */,
			);
			path = JLGroupedtweetsTests;
			sourceTree = "<group>";
		};
		8FF8C66C1AC6DF9A00E68EE9 /* Supporting Files */ = {
			isa = PBXGroup;
			children = (
				8FF8C66D1AC6DF9A00E68EE9 /* Info.plist */,
			);
			name = "Supporting Files";
			sourceTree = "<group>";
		};
		8FF8C67F1ACA843200E68EE9 /* Data */ = {
			isa = PBXGroup;
			children = (
				8F61D6091AD7F62F0031BA87 /* CoreData */,
				8FF8C6801ACA84E600E68EE9 /* JLITweetManager.h */,
				8FF8C6811ACA84E600E68EE9 /* JLITweetManager.m */,
			);
			name = Data;
			sourceTree = "<group>";
		};
/* End PBXGroup section */

/* Begin PBXNativeTarget section */
		8FF8C64B1AC6DF9900E68EE9 /* JLGroupedtweets */ = {
			isa = PBXNativeTarget;
			buildConfigurationList = 8FF8C6721AC6DF9A00E68EE9 /* Build configuration list for PBXNativeTarget "JLGroupedtweets" */;
			buildPhases = (
				8FF8C6481AC6DF9900E68EE9 /* Sources */,
				8FF8C6491AC6DF9900E68EE9 /* Frameworks */,
				8FF8C64A1AC6DF9900E68EE9 /* Resources */,
			);
			buildRules = (
			);
			dependencies = (
			);
			name = JLGroupedtweets;
			productName = JLGroupedtweets;
			productReference = 8FF8C64C1AC6DF9A00E68EE9 /* JLGroupedtweets.app */;
			productType = "com.apple.product-type.application";
		};
		8FF8C6671AC6DF9A00E68EE9 /* JLGroupedtweetsTests */ = {
			isa = PBXNativeTarget;
			buildConfigurationList = 8FF8C6751AC6DF9A00E68EE9 /* Build configuration list for PBXNativeTarget "JLGroupedtweetsTests" */;
			buildPhases = (
				8FF8C6641AC6DF9A00E68EE9 /* Sources */,
				8FF8C6651AC6DF9A00E68EE9 /* Frameworks */,
				8FF8C6661AC6DF9A00E68EE9 /* Resources */,
			);
			buildRules = (
			);
			dependencies = (
				8FF8C66A1AC6DF9A00E68EE9 /* PBXTargetDependency */,
			);
			name = JLGroupedtweetsTests;
			productName = JLGroupedtweetsTests;
			productReference = 8FF8C6681AC6DF9A00E68EE9 /* JLGroupedtweetsTests.xctest */;
			productType = "com.apple.product-type.bundle.unit-test";
		};
/* End PBXNativeTarget section */

/* Begin PBXProject section */
		8FF8C6441AC6DF9900E68EE9 /* Project object */ = {
			isa = PBXProject;
			attributes = {
				LastUpgradeCheck = 0620;
				ORGANIZATIONNAME = Johannes;
				TargetAttributes = {
					8FF8C64B1AC6DF9900E68EE9 = {
						CreatedOnToolsVersion = 6.2;
					};
					8FF8C6671AC6DF9A00E68EE9 = {
						CreatedOnToolsVersion = 6.2;
						TestTargetID = 8FF8C64B1AC6DF9900E68EE9;
					};
				};
			};
			buildConfigurationList = 8FF8C6471AC6DF9900E68EE9 /* Build configuration list for PBXProject "JLGroupedtweets" */;
			compatibilityVersion = "Xcode 3.2";
			developmentRegion = English;
			hasScannedForEncodings = 0;
			knownRegions = (
				en,
				Base,
			);
			mainGroup = 8FF8C6431AC6DF9900E68EE9;
			productRefGroup = 8FF8C64D1AC6DF9A00E68EE9 /* Products */;
			projectDirPath = "";
			projectRoot = "";
			targets = (
				8FF8C64B1AC6DF9900E68EE9 /* JLGroupedtweets */,
				8FF8C6671AC6DF9A00E68EE9 /* JLGroupedtweetsTests */,
			);
		};
/* End PBXProject section */

/* Begin PBXResourcesBuildPhase section */
		8FF8C64A1AC6DF9900E68EE9 /* Resources */ = {
			isa = PBXResourcesBuildPhase;
			buildActionMask = 2147483647;
			files = (
				8FF8C65E1AC6DF9A00E68EE9 /* Main.storyboard in Resources */,
				8FF8C6631AC6DF9A00E68EE9 /* LaunchScreen.xib in Resources */,
				8FF8C6601AC6DF9A00E68EE9 /* Images.xcassets in Resources */,
			);
			runOnlyForDeploymentPostprocessing = 0;
		};
		8FF8C6661AC6DF9A00E68EE9 /* Resources */ = {
			isa = PBXResourcesBuildPhase;
			buildActionMask = 2147483647;
			files = (
			);
			runOnlyForDeploymentPostprocessing = 0;
		};
/* End PBXResourcesBuildPhase section */

/* Begin PBXSourcesBuildPhase section */
		8FF8C6481AC6DF9900E68EE9 /* Sources */ = {
			isa = PBXSourcesBuildPhase;
			buildActionMask = 2147483647;
			files = (
				8F61D6071AD7F5820031BA87 /* JLIHelperMethods.m in Sources */,
				8F61D6181AD81FB00031BA87 /* JLITweet.m in Sources */,
				8F61D5C01AD510470031BA87 /* TweetCell.m in Sources */,
				8FF8C6551AC6DF9A00E68EE9 /* AppDelegate.m in Sources */,
				8F61D5BA1ACEA9180031BA87 /* UIColor+Extentions.m in Sources */,
				8F61D6121AD815E80031BA87 /* JLITweetAuthor+Methods.m in Sources */,
				8F61D5BD1AD510360031BA87 /* GroupHeaderCell.m in Sources */,
				8FF8C67E1ACA809700E68EE9 /* TweetsTableViewController.m in Sources */,
				8FF8C6521AC6DF9A00E68EE9 /* main.m in Sources */,
				8FF8C6581AC6DF9A00E68EE9 /* JLGroupedtweets.xcdatamodeld in Sources */,
				8F9F7D8B1ADE690A008C66E9 /* JLITweetAuthor.m in Sources */,
				8FF8C6821ACA84E600E68EE9 /* JLITweetManager.m in Sources */,
			);
			runOnlyForDeploymentPostprocessing = 0;
		};
		8FF8C6641AC6DF9A00E68EE9 /* Sources */ = {
			isa = PBXSourcesBuildPhase;
			buildActionMask = 2147483647;
			files = (
				8FF8C66F1AC6DF9A00E68EE9 /* JLGroupedtweetsTests.m in Sources */,
			);
			runOnlyForDeploymentPostprocessing = 0;
		};
/* End PBXSourcesBuildPhase section */

/* Begin PBXTargetDependency section */
		8FF8C66A1AC6DF9A00E68EE9 /* PBXTargetDependency */ = {
			isa = PBXTargetDependency;
			target = 8FF8C64B1AC6DF9900E68EE9 /* JLGroupedtweets */;
			targetProxy = 8FF8C6691AC6DF9A00E68EE9 /* PBXContainerItemProxy */;
		};
/* End PBXTargetDependency section */

/* Begin PBXVariantGroup section */
		8FF8C65C1AC6DF9A00E68EE9 /* Main.storyboard */ = {
			isa = PBXVariantGroup;
			children = (
				8FF8C65D1AC6DF9A00E68EE9 /* Base */,
			);
			name = Main.storyboard;
			sourceTree = "<group>";
		};
		8FF8C6611AC6DF9A00E68EE9 /* LaunchScreen.xib */ = {
			isa = PBXVariantGroup;
			children = (
				8FF8C6621AC6DF9A00E68EE9 /* Base */,
			);
			name = LaunchScreen.xib;
			sourceTree = "<group>";
		};
/* End PBXVariantGroup section */

/* Begin XCBuildConfiguration section */
		8FF8C6701AC6DF9A00E68EE9 /* Debug */ = {
			isa = XCBuildConfiguration;
			buildSettings = {
				ALWAYS_SEARCH_USER_PATHS = NO;
				CLANG_CXX_LANGUAGE_STANDARD = "gnu++0x";
				CLANG_CXX_LIBRARY = "libc++";
				CLANG_ENABLE_MODULES = YES;
				CLANG_ENABLE_OBJC_ARC = YES;
				CLANG_WARN_BOOL_CONVERSION = YES;
				CLANG_WARN_CONSTANT_CONVERSION = YES;
				CLANG_WARN_DIRECT_OBJC_ISA_USAGE = YES_ERROR;
				CLANG_WARN_EMPTY_BODY = YES;
				CLANG_WARN_ENUM_CONVERSION = YES;
				CLANG_WARN_INT_CONVERSION = YES;
				CLANG_WARN_OBJC_ROOT_CLASS = YES_ERROR;
				CLANG_WARN_UNREACHABLE_CODE = YES;
				CLANG_WARN__DUPLICATE_METHOD_MATCH = YES;
				"CODE_SIGN_IDENTITY[sdk=iphoneos*]" = "iPhone Developer";
				COPY_PHASE_STRIP = NO;
				ENABLE_STRICT_OBJC_MSGSEND = YES;
				GCC_C_LANGUAGE_STANDARD = gnu99;
				GCC_DYNAMIC_NO_PIC = NO;
				GCC_OPTIMIZATION_LEVEL = 0;
				GCC_PREPROCESSOR_DEFINITIONS = (
					"DEBUG=1",
					"$(inherited)",
				);
				GCC_SYMBOLS_PRIVATE_EXTERN = NO;
				GCC_WARN_64_TO_32_BIT_CONVERSION = YES;
				GCC_WARN_ABOUT_RETURN_TYPE = YES_ERROR;
				GCC_WARN_UNDECLARED_SELECTOR = YES;
				GCC_WARN_UNINITIALIZED_AUTOS = YES_AGGRESSIVE;
				GCC_WARN_UNUSED_FUNCTION = YES;
				GCC_WARN_UNUSED_VARIABLE = YES;
				IPHONEOS_DEPLOYMENT_TARGET = 8.2;
				MTL_ENABLE_DEBUG_INFO = YES;
				ONLY_ACTIVE_ARCH = YES;
				SDKROOT = iphoneos;
			};
			name = Debug;
		};
		8FF8C6711AC6DF9A00E68EE9 /* Release */ = {
			isa = XCBuildConfiguration;
			buildSettings = {
				ALWAYS_SEARCH_USER_PATHS = NO;
				CLANG_CXX_LANGUAGE_STANDARD = "gnu++0x";
				CLANG_CXX_LIBRARY = "libc++";
				CLANG_ENABLE_MODULES = YES;
				CLANG_ENABLE_OBJC_ARC = YES;
				CLANG_WARN_BOOL_CONVERSION = YES;
				CLANG_WARN_CONSTANT_CONVERSION = YES;
				CLANG_WARN_DIRECT_OBJC_ISA_USAGE = YES_ERROR;
				CLANG_WARN_EMPTY_BODY = YES;
				CLANG_WARN_ENUM_CONVERSION = YES;
				CLANG_WARN_INT_CONVERSION = YES;
				CLANG_WARN_OBJC_ROOT_CLASS = YES_ERROR;
				CLANG_WARN_UNREACHABLE_CODE = YES;
				CLANG_WARN__DUPLICATE_METHOD_MATCH = YES;
				"CODE_SIGN_IDENTITY[sdk=iphoneos*]" = "iPhone Developer";
				COPY_PHASE_STRIP = NO;
				ENABLE_NS_ASSERTIONS = NO;
				ENABLE_STRICT_OBJC_MSGSEND = YES;
				GCC_C_LANGUAGE_STANDARD = gnu99;
				GCC_WARN_64_TO_32_BIT_CONVERSION = YES;
				GCC_WARN_ABOUT_RETURN_TYPE = YES_ERROR;
				GCC_WARN_UNDECLARED_SELECTOR = YES;
				GCC_WARN_UNINITIALIZED_AUTOS = YES_AGGRESSIVE;
				GCC_WARN_UNUSED_FUNCTION = YES;
				GCC_WARN_UNUSED_VARIABLE = YES;
				IPHONEOS_DEPLOYMENT_TARGET = 8.2;
				MTL_ENABLE_DEBUG_INFO = NO;
				SDKROOT = iphoneos;
				VALIDATE_PRODUCT = YES;
			};
			name = Release;
		};
		8FF8C6731AC6DF9A00E68EE9 /* Debug */ = {
			isa = XCBuildConfiguration;
			buildSettings = {
				ASSETCATALOG_COMPILER_APPICON_NAME = AppIcon;
				INFOPLIST_FILE = JLGroupedtweets/Info.plist;
				LD_RUNPATH_SEARCH_PATHS = "$(inherited) @executable_path/Frameworks";
				PRODUCT_NAME = "$(TARGET_NAME)";
			};
			name = Debug;
		};
		8FF8C6741AC6DF9A00E68EE9 /* Release */ = {
			isa = XCBuildConfiguration;
			buildSettings = {
				ASSETCATALOG_COMPILER_APPICON_NAME = AppIcon;
				INFOPLIST_FILE = JLGroupedtweets/Info.plist;
				LD_RUNPATH_SEARCH_PATHS = "$(inherited) @executable_path/Frameworks";
				PRODUCT_NAME = "$(TARGET_NAME)";
			};
			name = Release;
		};
		8FF8C6761AC6DF9A00E68EE9 /* Debug */ = {
			isa = XCBuildConfiguration;
			buildSettings = {
				BUNDLE_LOADER = "$(TEST_HOST)";
				FRAMEWORK_SEARCH_PATHS = (
					"$(SDKROOT)/Developer/Library/Frameworks",
					"$(inherited)",
				);
				GCC_PREPROCESSOR_DEFINITIONS = (
					"DEBUG=1",
					"$(inherited)",
				);
				INFOPLIST_FILE = JLGroupedtweetsTests/Info.plist;
				LD_RUNPATH_SEARCH_PATHS = "$(inherited) @executable_path/Frameworks @loader_path/Frameworks";
				PRODUCT_NAME = "$(TARGET_NAME)";
				TEST_HOST = "$(BUILT_PRODUCTS_DIR)/JLGroupedtweets.app/JLGroupedtweets";
			};
			name = Debug;
		};
		8FF8C6771AC6DF9A00E68EE9 /* Release */ = {
			isa = XCBuildConfiguration;
			buildSettings = {
				BUNDLE_LOADER = "$(TEST_HOST)";
				FRAMEWORK_SEARCH_PATHS = (
					"$(SDKROOT)/Developer/Library/Frameworks",
					"$(inherited)",
				);
				INFOPLIST_FILE = JLGroupedtweetsTests/Info.plist;
				LD_RUNPATH_SEARCH_PATHS = "$(inherited) @executable_path/Frameworks @loader_path/Frameworks";
				PRODUCT_NAME = "$(TARGET_NAME)";
				TEST_HOST = "$(BUILT_PRODUCTS_DIR)/JLGroupedtweets.app/JLGroupedtweets";
			};
			name = Release;
		};
/* End XCBuildConfiguration section */

/* Begin XCConfigurationList section */
		8FF8C6471AC6DF9900E68EE9 /* Build configuration list for PBXProject "JLGroupedtweets" */ = {
			isa = XCConfigurationList;
			buildConfigurations = (
				8FF8C6701AC6DF9A00E68EE9 /* Debug */,
				8FF8C6711AC6DF9A00E68EE9 /* Release */,
			);
			defaultConfigurationIsVisible = 0;
			defaultConfigurationName = Release;
		};
		8FF8C6721AC6DF9A00E68EE9 /* Build configuration list for PBXNativeTarget "JLGroupedtweets" */ = {
			isa = XCConfigurationList;
			buildConfigurations = (
				8FF8C6731AC6DF9A00E68EE9 /* Debug */,
				8FF8C6741AC6DF9A00E68EE9 /* Release */,
			);
			defaultConfigurationIsVisible = 0;
			defaultConfigurationName = Release;
		};
		8FF8C6751AC6DF9A00E68EE9 /* Build configuration list for PBXNativeTarget "JLGroupedtweetsTests" */ = {
			isa = XCConfigurationList;
			buildConfigurations = (
				8FF8C6761AC6DF9A00E68EE9 /* Debug */,
				8FF8C6771AC6DF9A00E68EE9 /* Release */,
			);
			defaultConfigurationIsVisible = 0;
			defaultConfigurationName = Release;
		};
/* End XCConfigurationList section */

/* Begin XCVersionGroup section */
		8FF8C6561AC6DF9A00E68EE9 /* JLGroupedtweets.xcdatamodeld */ = {
			isa = XCVersionGroup;
			children = (
				8FF8C6571AC6DF9A00E68EE9 /* JLGroupedtweets.xcdatamodel */,
			);
			currentVersion = 8FF8C6571AC6DF9A00E68EE9 /* JLGroupedtweets.xcdatamodel */;
			path = JLGroupedtweets.xcdatamodeld;
			sourceTree = "<group>";
			versionGroupType = wrapper.xcdatamodel;
		};
/* End XCVersionGroup section */
	};
	rootObject = 8FF8C6441AC6DF9900E68EE9 /* Project object */;
}
